
Microsoft Visual Studio Solution File, Format Version 12.00
# Visual Studio Version 17
VisualStudioVersion = 17.14.36327.8 d17.14
MinimumVisualStudioVersion = 10.0.40219.1
Project("{FAE04EC0-301F-11D3-BF4B-00C04F79EFBC}") = "Lista05", "Lista05.csproj", "{00694130-C249-4951-833B-D9D31FE5907A}"
EndProject
Global
	GlobalSection(SolutionConfigurationPlatforms) = preSolution
		Debug|Any CPU = Debug|Any CPU
		Release|Any CPU = Release|Any CPU
	EndGlobalSection
	GlobalSection(ProjectConfigurationPlatforms) = postSolution
		{00694130-C249-4951-833B-D9D31FE5907A}.Debug|Any CPU.ActiveCfg = Debug|Any CPU
		{00694130-C249-4951-833B-D9D31FE5907A}.Debug|Any CPU.Build.0 = Debug|Any CPU
		{00694130-C249-4951-833B-D9D31FE5907A}.Release|Any CPU.ActiveCfg = Release|Any CPU
		{00694130-C249-4951-833B-D9D31FE5907A}.Release|Any CPU.Build.0 = Release|Any CPU
	EndGlobalSection
	GlobalSection(SolutionProperties) = preSolution
		HideSolutionNode = FALSE
	EndGlobalSection
	GlobalSection(ExtensibilityGlobals) = postSolution
		SolutionGuid = {D69A8940-AC51-44BE-9CDC-AE70CCD84C86}
	EndGlobalSection
EndGlobal
