
Microsoft Visual Studio Solution File, Format Version 12.00
# Visual Studio Version 17
VisualStudioVersion = 17.10.35122.118
MinimumVisualStudioVersion = 10.0.40219.1
Project("{FAE04EC0-301F-11D3-BF4B-00C04F79EFBC}") = "GTApp", "GTApp\GTApp.csproj", "{D45A231D-1AB9-47F7-B4FF-48B7AA052E19}"
EndProject
Global
	GlobalSection(SolutionConfigurationPlatforms) = preSolution
		Debug|Any CPU = Debug|Any CPU
		Release|Any CPU = Release|Any CPU
	EndGlobalSection
	GlobalSection(ProjectConfigurationPlatforms) = postSolution
		{D45A231D-1AB9-47F7-B4FF-48B7AA052E19}.Debug|Any CPU.ActiveCfg = Debug|Any CPU
		{D45A231D-1AB9-47F7-B4FF-48B7AA052E19}.Debug|Any CPU.Build.0 = Debug|Any CPU
		{D45A231D-1AB9-47F7-B4FF-48B7AA052E19}.Release|Any CPU.ActiveCfg = Release|Any CPU
		{D45A231D-1AB9-47F7-B4FF-48B7AA052E19}.Release|Any CPU.Build.0 = Release|Any CPU
	EndGlobalSection
	GlobalSection(SolutionProperties) = preSolution
		HideSolutionNode = FALSE
	EndGlobalSection
	GlobalSection(ExtensibilityGlobals) = postSolution
		SolutionGuid = {040D97D6-E84B-45C4-B456-10FE006ADD0C}
	EndGlobalSection
EndGlobal
