
Microsoft Visual Studio Solution File, Format Version 12.00
# Visual Studio Version 17
VisualStudioVersion = 17.14.36327.8 d17.14
MinimumVisualStudioVersion = 10.0.40219.1
Project("{FAE04EC0-301F-11D3-BF4B-00C04F79EFBC}") = "Lista03", "Lista03.csproj", "{D4081DBC-C423-4743-9706-133625A3B3E0}"
EndProject
Global
	GlobalSection(SolutionConfigurationPlatforms) = preSolution
		Debug|Any CPU = Debug|Any CPU
		Release|Any CPU = Release|Any CPU
	EndGlobalSection
	GlobalSection(ProjectConfigurationPlatforms) = postSolution
		{D4081DBC-C423-4743-9706-133625A3B3E0}.Debug|Any CPU.ActiveCfg = Debug|Any CPU
		{D4081DBC-C423-4743-9706-133625A3B3E0}.Debug|Any CPU.Build.0 = Debug|Any CPU
		{D4081DBC-C423-4743-9706-133625A3B3E0}.Release|Any CPU.ActiveCfg = Release|Any CPU
		{D4081DBC-C423-4743-9706-133625A3B3E0}.Release|Any CPU.Build.0 = Release|Any CPU
	EndGlobalSection
	GlobalSection(SolutionProperties) = preSolution
		HideSolutionNode = FALSE
	EndGlobalSection
	GlobalSection(ExtensibilityGlobals) = postSolution
		SolutionGuid = {D87BF3AF-D40A-4409-A69D-F94D7ABE5458}
	EndGlobalSection
EndGlobal
