
Microsoft Visual Studio Solution File, Format Version 12.00
# Visual Studio Version 17
VisualStudioVersion = 17.10.35122.118
MinimumVisualStudioVersion = 10.0.40219.1
Project("{FAE04EC0-301F-11D3-BF4B-00C04F79EFBC}") = "App", "AppListas\App.csproj", "{8A4074C9-7C5B-491E-9206-BC9AE9263F99}"
EndProject
Project("{FAE04EC0-301F-11D3-BF4B-00C04F79EFBC}") = "Models", "ModelsListas\Models.csproj", "{E343EFAA-836B-43C7-834D-464FD7F8F033}"
EndProject
Project("{FAE04EC0-301F-11D3-BF4B-00C04F79EFBC}") = "Data", "DataListas\Data.csproj", "{8F95A15D-D8AB-403D-BD91-F73BF9A3890D}"
EndProject
Project("{FAE04EC0-301F-11D3-BF4B-00C04F79EFBC}") = "Controllers", "Controllers\Controllers.csproj", "{E0F26D2D-74F9-497E-86DC-A7BCC6590E0E}"
EndProject
Global
	GlobalSection(SolutionConfigurationPlatforms) = preSolution
		Debug|Any CPU = Debug|Any CPU
		Release|Any CPU = Release|Any CPU
	EndGlobalSection
	GlobalSection(ProjectConfigurationPlatforms) = postSolution
		{8A4074C9-7C5B-491E-9206-BC9AE9263F99}.Debug|Any CPU.ActiveCfg = Debug|Any CPU
		{8A4074C9-7C5B-491E-9206-BC9AE9263F99}.Debug|Any CPU.Build.0 = Debug|Any CPU
		{8A4074C9-7C5B-491E-9206-BC9AE9263F99}.Release|Any CPU.ActiveCfg = Release|Any CPU
		{8A4074C9-7C5B-491E-9206-BC9AE9263F99}.Release|Any CPU.Build.0 = Release|Any CPU
		{E343EFAA-836B-43C7-834D-464FD7F8F033}.Debug|Any CPU.ActiveCfg = Debug|Any CPU
		{E343EFAA-836B-43C7-834D-464FD7F8F033}.Debug|Any CPU.Build.0 = Debug|Any CPU
		{E343EFAA-836B-43C7-834D-464FD7F8F033}.Release|Any CPU.ActiveCfg = Release|Any CPU
		{E343EFAA-836B-43C7-834D-464FD7F8F033}.Release|Any CPU.Build.0 = Release|Any CPU
		{8F95A15D-D8AB-403D-BD91-F73BF9A3890D}.Debug|Any CPU.ActiveCfg = Debug|Any CPU
		{8F95A15D-D8AB-403D-BD91-F73BF9A3890D}.Debug|Any CPU.Build.0 = Debug|Any CPU
		{8F95A15D-D8AB-403D-BD91-F73BF9A3890D}.Release|Any CPU.ActiveCfg = Release|Any CPU
		{8F95A15D-D8AB-403D-BD91-F73BF9A3890D}.Release|Any CPU.Build.0 = Release|Any CPU
		{E0F26D2D-74F9-497E-86DC-A7BCC6590E0E}.Debug|Any CPU.ActiveCfg = Debug|Any CPU
		{E0F26D2D-74F9-497E-86DC-A7BCC6590E0E}.Debug|Any CPU.Build.0 = Debug|Any CPU
		{E0F26D2D-74F9-497E-86DC-A7BCC6590E0E}.Release|Any CPU.ActiveCfg = Release|Any CPU
		{E0F26D2D-74F9-497E-86DC-A7BCC6590E0E}.Release|Any CPU.Build.0 = Release|Any CPU
	EndGlobalSection
	GlobalSection(SolutionProperties) = preSolution
		HideSolutionNode = FALSE
	EndGlobalSection
	GlobalSection(ExtensibilityGlobals) = postSolution
		SolutionGuid = {D698D821-E7C7-489D-9FD6-3D301424425D}
	EndGlobalSection
EndGlobal
